
Microsoft Visual Studio Solution File, Format Version 12.00
# Visual Studio Version 16
VisualStudioVersion = 16.0.29326.143
MinimumVisualStudioVersion = 10.0.40219.1
Project("{FAE04EC0-301F-11D3-BF4B-00C04F79EFBC}") = "Open-Lab-03.06", "Open-Lab-03.06.csproj", "{8728107A-FDA6-4BD2-9434-D9F597382FE4}"
EndProject
Global
	GlobalSection(SolutionConfigurationPlatforms) = preSolution
		Debug|Any CPU = Debug|Any CPU
		Release|Any CPU = Release|Any CPU
	EndGlobalSection
	GlobalSection(ProjectConfigurationPlatforms) = postSolution
		{8728107A-FDA6-4BD2-9434-D9F597382FE4}.Debug|Any CPU.ActiveCfg = Debug|Any CPU
		{8728107A-FDA6-4BD2-9434-D9F597382FE4}.Debug|Any CPU.Build.0 = Debug|Any CPU
		{8728107A-FDA6-4BD2-9434-D9F597382FE4}.Release|Any CPU.ActiveCfg = Release|Any CPU
		{8728107A-FDA6-4BD2-9434-D9F597382FE4}.Release|Any CPU.Build.0 = Release|Any CPU
	EndGlobalSection
	GlobalSection(SolutionProperties) = preSolution
		HideSolutionNode = FALSE
	EndGlobalSection
	GlobalSection(ExtensibilityGlobals) = postSolution
		SolutionGuid = {EAB68571-9990-409B-931A-B7D8B0022CFA}
	EndGlobalSection
EndGlobal
